lockfileVersion: '9.0'

settings:
  autoInstallPeers: true
  excludeLinksFromLockfile: false

importers:

  .:
    devDependencies:
      '@types/firefox-webext-browser':
        specifier: ^120.0.4
        version: 120.0.4
      typescript:
        specifier: ^5.8.3
        version: 5.8.3

packages:

  '@types/firefox-webext-browser@120.0.4':
    resolution: {integrity: sha512-lBrpf08xhiZBigrtdQfUaqX1UauwZ+skbFiL8u2Tdra/rklkKadYmIzTwkNZSWtuZ7OKpFqbE2HHfDoFqvZf6w==}

  typescript@5.8.3:
    resolution: {integrity: sha512-p1diW6TqL9L07nNxvRMM7hMMw4c5XOo/1ibL4aAIGmSAt9slTE1Xgw5KWuof2uTOvCg9BY7ZRi+GaF+7sfgPeQ==}
    engines: {node: '>=14.17'}
    hasBin: true

snapshots:

  '@types/firefox-webext-browser@120.0.4': {}

  typescript@5.8.3: {}
